// !$*UTF8*$!
{
	archiveVersion = 1;
	classes = {
	};
	objectVersion = 50;
	objects = {

/* Begin PBXBuildFile section */
		8348C7FA266E50100076D991 /* AppDelegate.m in Sources */ = {isa = PBXBuildFile; fileRef = 8348C7F9266E50100076D991 /* AppDelegate.m */; };
		8348C7FD266E50100076D991 /* SceneDelegate.m in Sources */ = {isa = PBXBuildFile; fileRef = 8348C7FC266E50100076D991 /* SceneDelegate.m */; };
		8348C800266E50100076D991 /* ViewController.m in Sources */ = {isa = PBXBuildFile; fileRef = 8348C7FF266E50100076D991 /* ViewController.m */; };
		8348C803266E50100076D991 /* Main.storyboard in Resources */ = {isa = PBXBuildFile; fileRef = 8348C801266E50100076D991 /* Main.storyboard */; };
		8348C805266E50110076D991 /* Assets.xcassets in Resources */ = {isa = PBXBuildFile; fileRef = 8348C804266E50110076D991 /* Assets.xcassets */; };
		8348C808266E50110076D991 /* LaunchScreen.storyboard in Resources */ = {isa = PBXBuildFile; fileRef = 8348C806266E50110076D991 /* LaunchScreen.storyboard */; };
		8348C80B266E50110076D991 /* main.m in Sources */ = {isa = PBXBuildFile; fileRef = 8348C80A266E50110076D991 /* main.m */; };
		8348C815266E50110076D991 /* UISwitchTests.m in Sources */ = {isa = PBXBuildFile; fileRef = 8348C814266E50110076D991 /* UISwitchTests.m */; };
		8348C820266E50110076D991 /* UISwitchUITests.m in Sources */ = {isa = PBXBuildFile; fileRef = 8348C81F266E50110076D991 /* UISwitchUITests.m */; };
/* End PBXBuildFile section */

/* Begin PBXContainerItemProxy section */
		8348C811266E50110076D991 /* PBXContainerItemProxy */ = {
			isa = PBXContainerItemProxy;
			containerPortal = 8348C7ED266E50100076D991 /* Project object */;
			proxyType = 1;
			remoteGlobalIDString = 8348C7F4266E50100076D991;
			remoteInfo = UISwitch;
		};
		8348C81C266E50110076D991 /* PBXContainerItemProxy */ = {
			isa = PBXContainerItemProxy;
			containerPortal = 8348C7ED266E50100076D991 /* Project object */;
			proxyType = 1;
			remoteGlobalIDString = 8348C7F4266E50100076D991;
			remoteInfo = UISwitch;
		};
/* End PBXContainerItemProxy section */

/* Begin PBXFileReference section */
		8348C7F5266E50100076D991 /* UISwitch.app */ = {isa = PBXFileReference; explicitFileType = wrapper.application; includeInIndex = 0; path = UISwitch.app; sourceTree = BUILT_PRODUCTS_DIR; };
		8348C7F8266E50100076D991 /* AppDelegate.h */ = {isa = PBXFileReference; lastKnownFileType = sourcecode.c.h; path = AppDelegate.h; sourceTree = "<group>"; };
		8348C7F9266E50100076D991 /* AppDelegate.m */ = {isa = PBXFileReference; lastKnownFileType = sourcecode.c.objc; path = AppDelegate.m; sourceTree = "<group>"; };
		8348C7FB266E50100076D991 /* SceneDelegate.h */ = {isa = PBXFileReference; lastKnownFileType = sourcecode.c.h; path = SceneDelegate.h; sourceTree = "<group>"; };
		8348C7FC266E50100076D991 /* SceneDelegate.m */ = {isa = PBXFileReference; lastKnownFileType = sourcecode.c.objc; path = SceneDelegate.m; sourceTree = "<group>"; };
		8348C7FE266E50100076D991 /* ViewController.h */ = {isa = PBXFileReference; lastKnownFileType = sourcecode.c.h; path = ViewController.h; sourceTree = "<group>"; };
		8348C7FF266E50100076D991 /* ViewController.m */ = {isa = PBXFileReference; lastKnownFileType = sourcecode.c.objc; path = ViewController.m; sourceTree = "<group>"; };
		8348C802266E50100076D991 /* Base */ = {isa = PBXFileReference; lastKnownFileType = file.storyboard; name = Base; path = Base.lproj/Main.storyboard; sourceTree = "<group>"; };
		8348C804266E50110076D991 /* Assets.xcassets */ = {isa = PBXFileReference; lastKnownFileType = folder.assetcatalog; path = Assets.xcassets; sourceTree = "<group>"; };
		8348C807266E50110076D991 /* Base */ = {isa = PBXFileReference; lastKnownFileType = file.storyboard; name = Base; path = Base.lproj/LaunchScreen.storyboard; sourceTree = "<group>"; };
		8348C809266E50110076D991 /* Info.plist */ = {isa = PBXFileReference; lastKnownFileType = text.plist.xml; path = Info.plist; sourceTree = "<group>"; };
		8348C80A266E50110076D991 /* main.m */ = {isa = PBXFileReference; lastKnownFileType = sourcecode.c.objc; path = main.m; sourceTree = "<group>"; };
		8348C810266E50110076D991 /* UISwitchTests.xctest */ = {isa = PBXFileReference; explicitFileType = wrapper.cfbundle; includeInIndex = 0; path = UISwitchTests.xctest; sourceTree = BUILT_PRODUCTS_DIR; };
		8348C814266E50110076D991 /* UISwitchTests.m */ = {isa = PBXFileReference; lastKnownFileType = sourcecode.c.objc; path = UISwitchTests.m; sourceTree = "<group>"; };
		8348C816266E50110076D991 /* Info.plist */ = {isa = PBXFileReference; lastKnownFileType = text.plist.xml; path = Info.plist; sourceTree = "<group>"; };
		8348C81B266E50110076D991 /* UISwitchUITests.xctest */ = {isa = PBXFileReference; explicitFileType = wrapper.cfbundle; includeInIndex = 0; path = UISwitchUITests.xctest; sourceTree = BUILT_PRODUCTS_DIR; };
		8348C81F266E50110076D991 /* UISwitchUITests.m */ = {isa = PBXFileReference; lastKnownFileType = sourcecode.c.objc; path = UISwitchUITests.m; sourceTree = "<group>"; };
		8348C821266E50110076D991 /* Info.plist */ = {isa = PBXFileReference; lastKnownFileType = text.plist.xml; path = Info.plist; sourceTree = "<group>"; };
/* End PBXFileReference section */

/* Begin PBXFrameworksBuildPhase section */
		8348C7F2266E50100076D991 /* Frameworks */ = {
			isa = PBXFrameworksBuildPhase;
			buildActionMask = 2147483647;
			files = (
			);
			runOnlyForDeploymentPostprocessing = 0;
		};
		8348C80D266E50110076D991 /* Frameworks */ = {
			isa = PBXFrameworksBuildPhase;
			buildActionMask = 2147483647;
			files = (
			);
			runOnlyForDeploymentPostprocessing = 0;
		};
		8348C818266E50110076D991 /* Frameworks */ = {
			isa = PBXFrameworksBuildPhase;
			buildActionMask = 2147483647;
			files = (
			);
			runOnlyForDeploymentPostprocessing = 0;
		};
/* End PBXFrameworksBuildPhase section */

/* Begin PBXGroup section */
		8348C7EC266E50100076D991 = {
			isa = PBXGroup;
			children = (
				8348C7F7266E50100076D991 /* UISwitch */,
				8348C813266E50110076D991 /* UISwitchTests */,
				8348C81E266E50110076D991 /* UISwitchUITests */,
				8348C7F6266E50100076D991 /* Products */,
			);
			sourceTree = "<group>";
		};
		8348C7F6266E50100076D991 /* Products */ = {
			isa = PBXGroup;
			children = (
				8348C7F5266E50100076D991 /* UISwitch.app */,
				8348C810266E50110076D991 /* UISwitchTests.xctest */,
				8348C81B266E50110076D991 /* UISwitchUITests.xctest */,
			);
			name = Products;
			sourceTree = "<group>";
		};
		8348C7F7266E50100076D991 /* UISwitch */ = {
			isa = PBXGroup;
			children = (
				8348C7F8266E50100076D991 /* AppDelegate.h */,
				8348C7F9266E50100076D991 /* AppDelegate.m */,
				8348C7FB266E50100076D991 /* SceneDelegate.h */,
				8348C7FC266E50100076D991 /* SceneDelegate.m */,
				8348C7FE266E50100076D991 /* ViewController.h */,
				8348C7FF266E50100076D991 /* ViewController.m */,
				8348C801266E50100076D991 /* Main.storyboard */,
				8348C804266E50110076D991 /* Assets.xcassets */,
				8348C806266E50110076D991 /* LaunchScreen.storyboard */,
				8348C809266E50110076D991 /* Info.plist */,
				8348C80A266E50110076D991 /* main.m */,
			);
			path = UISwitch;
			sourceTree = "<group>";
		};
		8348C813266E50110076D991 /* UISwitchTests */ = {
			isa = PBXGroup;
			children = (
				8348C814266E50110076D991 /* UISwitchTests.m */,
				8348C816266E50110076D991 /* Info.plist */,
			);
			path = UISwitchTests;
			sourceTree = "<group>";
		};
		8348C81E266E50110076D991 /* UISwitchUITests */ = {
			isa = PBXGroup;
			children = (
				8348C81F266E50110076D991 /* UISwitchUITests.m */,
				8348C821266E50110076D991 /* Info.plist */,
			);
			path = UISwitchUITests;
			sourceTree = "<group>";
		};
/* End PBXGroup section */

/* Begin PBXNativeTarget section */
		8348C7F4266E50100076D991 /* UISwitch */ = {
			isa = PBXNativeTarget;
			buildConfigurationList = 8348C824266E50110076D991 /* Build configuration list for PBXNativeTarget "UISwitch" */;
			buildPhases = (
				8348C7F1266E50100076D991 /* Sources */,
				8348C7F2266E50100076D991 /* Frameworks */,
				8348C7F3266E50100076D991 /* Resources */,
			);
			buildRules = (
			);
			dependencies = (
			);
			name = UISwitch;
			productName = UISwitch;
			productReference = 8348C7F5266E50100076D991 /* UISwitch.app */;
			productType = "com.apple.product-type.application";
		};
		8348C80F266E50110076D991 /* UISwitchTests */ = {
			isa = PBXNativeTarget;
			buildConfigurationList = 8348C827266E50110076D991 /* Build configuration list for PBXNativeTarget "UISwitchTests" */;
			buildPhases = (
				8348C80C266E50110076D991 /* Sources */,
				8348C80D266E50110076D991 /* Frameworks */,
				8348C80E266E50110076D991 /* Resources */,
			);
			buildRules = (
			);
			dependencies = (
				8348C812266E50110076D991 /* PBXTargetDependency */,
			);
			name = UISwitchTests;
			productName = UISwitchTests;
			productReference = 8348C810266E50110076D991 /* UISwitchTests.xctest */;
			productType = "com.apple.product-type.bundle.unit-test";
		};
		8348C81A266E50110076D991 /* UISwitchUITests */ = {
			isa = PBXNativeTarget;
			buildConfigurationList = 8348C82A266E50110076D991 /* Build configuration list for PBXNativeTarget "UISwitchUITests" */;
			buildPhases = (
				8348C817266E50110076D991 /* Sources */,
				8348C818266E50110076D991 /* Frameworks */,
				8348C819266E50110076D991 /* Resources */,
			);
			buildRules = (
			);
			dependencies = (
				8348C81D266E50110076D991 /* PBXTargetDependency */,
			);
			name = UISwitchUITests;
			productName = UISwitchUITests;
			productReference = 8348C81B266E50110076D991 /* UISwitchUITests.xctest */;
			productType = "com.apple.product-type.bundle.ui-testing";
		};
/* End PBXNativeTarget section */

/* Begin PBXProject section */
		8348C7ED266E50100076D991 /* Project object */ = {
			isa = PBXProject;
			attributes = {
				LastUpgradeCheck = 1250;
				TargetAttributes = {
					8348C7F4266E50100076D991 = {
						CreatedOnToolsVersion = 12.5;
					};
					8348C80F266E50110076D991 = {
						CreatedOnToolsVersion = 12.5;
						TestTargetID = 8348C7F4266E50100076D991;
					};
					8348C81A266E50110076D991 = {
						CreatedOnToolsVersion = 12.5;
						TestTargetID = 8348C7F4266E50100076D991;
					};
				};
			};
			buildConfigurationList = 8348C7F0266E50100076D991 /* Build configuration list for PBXProject "UISwitch" */;
			compatibilityVersion = "Xcode 9.3";
			developmentRegion = en;
			hasScannedForEncodings = 0;
			knownRegions = (
				en,
				Base,
			);
			mainGroup = 8348C7EC266E50100076D991;
			productRefGroup = 8348C7F6266E50100076D991 /* Products */;
			projectDirPath = "";
			projectRoot = "";
			targets = (
				8348C7F4266E50100076D991 /* UISwitch */,
				8348C80F266E50110076D991 /* UISwitchTests */,
				8348C81A266E50110076D991 /* UISwitchUITests */,
			);
		};
/* End PBXProject section */

/* Begin PBXResourcesBuildPhase section */
		8348C7F3266E50100076D991 /* Resources */ = {
			isa = PBXResourcesBuildPhase;
			buildActionMask = 2147483647;
			files = (
				8348C808266E50110076D991 /* LaunchScreen.storyboard in Resources */,
				8348C805266E50110076D991 /* Assets.xcassets in Resources */,
				8348C803266E50100076D991 /* Main.storyboard in Resources */,
			);
			runOnlyForDeploymentPostprocessing = 0;
		};
		8348C80E266E50110076D991 /* Resources */ = {
			isa = PBXResourcesBuildPhase;
			buildActionMask = 2147483647;
			files = (
			);
			runOnlyForDeploymentPostprocessing = 0;
		};
		8348C819266E50110076D991 /* Resources */ = {
			isa = PBXResourcesBuildPhase;
			buildActionMask = 2147483647;
			files = (
			);
			runOnlyForDeploymentPostprocessing = 0;
		};
/* End PBXResourcesBuildPhase section */

/* Begin PBXSourcesBuildPhase section */
		8348C7F1266E50100076D991 /* Sources */ = {
			isa = PBXSourcesBuildPhase;
			buildActionMask = 2147483647;
			files = (
				8348C800266E50100076D991 /* ViewController.m in Sources */,
				8348C7FA266E50100076D991 /* AppDelegate.m in Sources */,
				8348C80B266E50110076D991 /* main.m in Sources */,
				8348C7FD266E50100076D991 /* SceneDelegate.m in Sources */,
			);
			runOnlyForDeploymentPostprocessing = 0;
		};
		8348C80C266E50110076D991 /* Sources */ = {
			isa = PBXSourcesBuildPhase;
			buildActionMask = 2147483647;
			files = (
				8348C815266E50110076D991 /* UISwitchTests.m in Sources */,
			);
			runOnlyForDeploymentPostprocessing = 0;
		};
		8348C817266E50110076D991 /* Sources */ = {
			isa = PBXSourcesBuildPhase;
			buildActionMask = 2147483647;
			files = (
				8348C820266E50110076D991 /* UISwitchUITests.m in Sources */,
			);
			runOnlyForDeploymentPostprocessing = 0;
		};
/* End PBXSourcesBuildPhase section */

/* Begin PBXTargetDependency section */
		8348C812266E50110076D991 /* PBXTargetDependency */ = {
			isa = PBXTargetDependency;
			target = 8348C7F4266E50100076D991 /* UISwitch */;
			targetProxy = 8348C811266E50110076D991 /* PBXContainerItemProxy */;
		};
		8348C81D266E50110076D991 /* PBXTargetDependency */ = {
			isa = PBXTargetDependency;
			target = 8348C7F4266E50100076D991 /* UISwitch */;
			targetProxy = 8348C81C266E50110076D991 /* PBXContainerItemProxy */;
		};
/* End PBXTargetDependency section */

/* Begin PBXVariantGroup section */
		8348C801266E50100076D991 /* Main.storyboard */ = {
			isa = PBXVariantGroup;
			children = (
				8348C802266E50100076D991 /* Base */,
			);
			name = Main.storyboard;
			sourceTree = "<group>";
		};
		8348C806266E50110076D991 /* LaunchScreen.storyboard */ = {
			isa = PBXVariantGroup;
			children = (
				8348C807266E50110076D991 /* Base */,
			);
			name = LaunchScreen.storyboard;
			sourceTree = "<group>";
		};
/* End PBXVariantGroup section */

/* Begin XCBuildConfiguration section */
		8348C822266E50110076D991 /* Debug */ = {
			isa = XCBuildConfiguration;
			buildSettings = {
				ALWAYS_SEARCH_USER_PATHS = NO;
				CLANG_ANALYZER_NONNULL = YES;
				CLANG_ANALYZER_NUMBER_OBJECT_CONVERSION = YES_AGGRESSIVE;
				CLANG_CXX_LANGUAGE_STANDARD = "gnu++14";
				CLANG_CXX_LIBRARY = "libc++";
				CLANG_ENABLE_MODULES = YES;
				CLANG_ENABLE_OBJC_ARC = YES;
				CLANG_ENABLE_OBJC_WEAK = YES;
				CLANG_WARN_BLOCK_CAPTURE_AUTORELEASING = YES;
				CLANG_WARN_BOOL_CONVERSION = YES;
				CLANG_WARN_COMMA = YES;
				CLANG_WARN_CONSTANT_CONVERSION = YES;
				CLANG_WARN_DEPRECATED_OBJC_IMPLEMENTATIONS = YES;
				CLANG_WARN_DIRECT_OBJC_ISA_USAGE = YES_ERROR;
				CLANG_WARN_DOCUMENTATION_COMMENTS = YES;
				CLANG_WARN_EMPTY_BODY = YES;
				CLANG_WARN_ENUM_CONVERSION = YES;
				CLANG_WARN_INFINITE_RECURSION = YES;
				CLANG_WARN_INT_CONVERSION = YES;
				CLANG_WARN_NON_LITERAL_NULL_CONVERSION = YES;
				CLANG_WARN_OBJC_IMPLICIT_RETAIN_SELF = YES;
				CLANG_WARN_OBJC_LITERAL_CONVERSION = YES;
				CLANG_WARN_OBJC_ROOT_CLASS = YES_ERROR;
				CLANG_WARN_QUOTED_INCLUDE_IN_FRAMEWORK_HEADER = YES;
				CLANG_WARN_RANGE_LOOP_ANALYSIS = YES;
				CLANG_WARN_STRICT_PROTOTYPES = YES;
				CLANG_WARN_SUSPICIOUS_MOVE = YES;
				CLANG_WARN_UNGUARDED_AVAILABILITY = YES_AGGRESSIVE;
				CLANG_WARN_UNREACHABLE_CODE = YES;
				CLANG_WARN__DUPLICATE_METHOD_MATCH = YES;
				COPY_PHASE_STRIP = NO;
				DEBUG_INFORMATION_FORMAT = dwarf;
				ENABLE_STRICT_OBJC_MSGSEND = YES;
				ENABLE_TESTABILITY = YES;
				GCC_C_LANGUAGE_STANDARD = gnu11;
				GCC_DYNAMIC_NO_PIC = NO;
				GCC_NO_COMMON_BLOCKS = YES;
				GCC_OPTIMIZATION_LEVEL = 0;
				GCC_PREPROCESSOR_DEFINITIONS = (
					"DEBUG=1",
					"$(inherited)",
				);
				GCC_WARN_64_TO_32_BIT_CONVERSION = YES;
				GCC_WARN_ABOUT_RETURN_TYPE = YES_ERROR;
				GCC_WARN_UNDECLARED_SELECTOR = YES;
				GCC_WARN_UNINITIALIZED_AUTOS = YES_AGGRESSIVE;
				GCC_WARN_UNUSED_FUNCTION = YES;
				GCC_WARN_UNUSED_VARIABLE = YES;
				IPHONEOS_DEPLOYMENT_TARGET = 14.5;
				MTL_ENABLE_DEBUG_INFO = INCLUDE_SOURCE;
				MTL_FAST_MATH = YES;
				ONLY_ACTIVE_ARCH = YES;
				SDKROOT = iphoneos;
			};
			name = Debug;
		};
		8348C823266E50110076D991 /* Release */ = {
			isa = XCBuildConfiguration;
			buildSettings = {
				ALWAYS_SEARCH_USER_PATHS = NO;
				CLANG_ANALYZER_NONNULL = YES;
				CLANG_ANALYZER_NUMBER_OBJECT_CONVERSION = YES_AGGRESSIVE;
				CLANG_CXX_LANGUAGE_STANDARD = "gnu++14";
				CLANG_CXX_LIBRARY = "libc++";
				CLANG_ENABLE_MODULES = YES;
				CLANG_ENABLE_OBJC_ARC = YES;
				CLANG_ENABLE_OBJC_WEAK = YES;
				CLANG_WARN_BLOCK_CAPTURE_AUTORELEASING = YES;
				CLANG_WARN_BOOL_CONVERSION = YES;
				CLANG_WARN_COMMA = YES;
				CLANG_WARN_CONSTANT_CONVERSION = YES;
				CLANG_WARN_DEPRECATED_OBJC_IMPLEMENTATIONS = YES;
				CLANG_WARN_DIRECT_OBJC_ISA_USAGE = YES_ERROR;
				CLANG_WARN_DOCUMENTATION_COMMENTS = YES;
				CLANG_WARN_EMPTY_BODY = YES;
				CLANG_WARN_ENUM_CONVERSION = YES;
				CLANG_WARN_INFINITE_RECURSION = YES;
				CLANG_WARN_INT_CONVERSION = YES;
				CLANG_WARN_NON_LITERAL_NULL_CONVERSION = YES;
				CLANG_WARN_OBJC_IMPLICIT_RETAIN_SELF = YES;
				CLANG_WARN_OBJC_LITERAL_CONVERSION = YES;
				CLANG_WARN_OBJC_ROOT_CLASS = YES_ERROR;
				CLANG_WARN_QUOTED_INCLUDE_IN_FRAMEWORK_HEADER = YES;
				CLANG_WARN_RANGE_LOOP_ANALYSIS = YES;
				CLANG_WARN_STRICT_PROTOTYPES = YES;
				CLANG_WARN_SUSPICIOUS_MOVE = YES;
				CLANG_WARN_UNGUARDED_AVAILABILITY = YES_AGGRESSIVE;
				CLANG_WARN_UNREACHABLE_CODE = YES;
				CLANG_WARN__DUPLICATE_METHOD_MATCH = YES;
				COPY_PHASE_STRIP = NO;
				DEBUG_INFORMATION_FORMAT = "dwarf-with-dsym";
				ENABLE_NS_ASSERTIONS = NO;
				ENABLE_STRICT_OBJC_MSGSEND = YES;
				GCC_C_LANGUAGE_STANDARD = gnu11;
				GCC_NO_COMMON_BLOCKS = YES;
				GCC_WARN_64_TO_32_BIT_CONVERSION = YES;
				GCC_WARN_ABOUT_RETURN_TYPE = YES_ERROR;
				GCC_WARN_UNDECLARED_SELECTOR = YES;
				GCC_WARN_UNINITIALIZED_AUTOS = YES_AGGRESSIVE;
				GCC_WARN_UNUSED_FUNCTION = YES;
				GCC_WARN_UNUSED_VARIABLE = YES;
				IPHONEOS_DEPLOYMENT_TARGET = 14.5;
				MTL_ENABLE_DEBUG_INFO = NO;
				MTL_FAST_MATH = YES;
				SDKROOT = iphoneos;
				VALIDATE_PRODUCT = YES;
			};
			name = Release;
		};
		8348C825266E50110076D991 /* Debug */ = {
			isa = XCBuildConfiguration;
			buildSettings = {
				ASSETCATALOG_COMPILER_APPICON_NAME = AppIcon;
				ASSETCATALOG_COMPILER_GLOBAL_ACCENT_COLOR_NAME = AccentColor;
				CODE_SIGN_STYLE = Automatic;
				DEVELOPMENT_TEAM = ZBXPJ2367M;
				INFOPLIST_FILE = UISwitch/Info.plist;
				LD_RUNPATH_SEARCH_PATHS = (
					"$(inherited)",
					"@executable_path/Frameworks",
				);
				PRODUCT_BUNDLE_IDENTIFIER = com.myprogram.UISwitch;
				PRODUCT_NAME = "$(TARGET_NAME)";
				TARGETED_DEVICE_FAMILY = "1,2";
			};
			name = Debug;
		};
		8348C826266E50110076D991 /* Release */ = {
			isa = XCBuildConfiguration;
			buildSettings = {
				ASSETCATALOG_COMPILER_APPICON_NAME = AppIcon;
				ASSETCATALOG_COMPILER_GLOBAL_ACCENT_COLOR_NAME = AccentColor;
				CODE_SIGN_STYLE = Automatic;
				DEVELOPMENT_TEAM = ZBXPJ2367M;
				INFOPLIST_FILE = UISwitch/Info.plist;
				LD_RUNPATH_SEARCH_PATHS = (
					"$(inherited)",
					"@executable_path/Frameworks",
				);
				PRODUCT_BUNDLE_IDENTIFIER = com.myprogram.UISwitch;
				PRODUCT_NAME = "$(TARGET_NAME)";
				TARGETED_DEVICE_FAMILY = "1,2";
			};
			name = Release;
		};
		8348C828266E50110076D991 /* Debug */ = {
			isa = XCBuildConfiguration;
			buildSettings = {
				BUNDLE_LOADER = "$(TEST_HOST)";
				CODE_SIGN_STYLE = Automatic;
				DEVELOPMENT_TEAM = ZBXPJ2367M;
				INFOPLIST_FILE = UISwitchTests/Info.plist;
				IPHONEOS_DEPLOYMENT_TARGET = 14.5;
				LD_RUNPATH_SEARCH_PATHS = (
					"$(inherited)",
					"@executable_path/Frameworks",
					"@loader_path/Frameworks",
				);
				PRODUCT_BUNDLE_IDENTIFIER = com.myprogram.UISwitchTests;
				PRODUCT_NAME = "$(TARGET_NAME)";
				TARGETED_DEVICE_FAMILY = "1,2";
				TEST_HOST = "$(BUILT_PRODUCTS_DIR)/UISwitch.app/UISwitch";
			};
			name = Debug;
		};
		8348C829266E50110076D991 /* Release */ = {
			isa = XCBuildConfiguration;
			buildSettings = {
				BUNDLE_LOADER = "$(TEST_HOST)";
				CODE_SIGN_STYLE = Automatic;
				DEVELOPMENT_TEAM = ZBXPJ2367M;
				INFOPLIST_FILE = UISwitchTests/Info.plist;
				IPHONEOS_DEPLOYMENT_TARGET = 14.5;
				LD_RUNPATH_SEARCH_PATHS = (
					"$(inherited)",
					"@executable_path/Frameworks",
					"@loader_path/Frameworks",
				);
				PRODUCT_BUNDLE_IDENTIFIER = com.myprogram.UISwitchTests;
				PRODUCT_NAME = "$(TARGET_NAME)";
				TARGETED_DEVICE_FAMILY = "1,2";
				TEST_HOST = "$(BUILT_PRODUCTS_DIR)/UISwitch.app/UISwitch";
			};
			name = Release;
		};
		8348C82B266E50110076D991 /* Debug */ = {
			isa = XCBuildConfiguration;
			buildSettings = {
				CODE_SIGN_STYLE = Automatic;
				DEVELOPMENT_TEAM = ZBXPJ2367M;
				INFOPLIST_FILE = UISwitchUITests/Info.plist;
				LD_RUNPATH_SEARCH_PATHS = (
					"$(inherited)",
					"@executable_path/Frameworks",
					"@loader_path/Frameworks",
				);
				PRODUCT_BUNDLE_IDENTIFIER = com.myprogram.UISwitchUITests;
				PRODUCT_NAME = "$(TARGET_NAME)";
				TARGETED_DEVICE_FAMILY = "1,2";
				TEST_TARGET_NAME = UISwitch;
			};
			name = Debug;
		};
		8348C82C266E50110076D991 /* Release */ = {
			isa = XCBuildConfiguration;
			buildSettings = {
				CODE_SIGN_STYLE = Automatic;
				DEVELOPMENT_TEAM = ZBXPJ2367M;
				INFOPLIST_FILE = UISwitchUITests/Info.plist;
				LD_RUNPATH_SEARCH_PATHS = (
					"$(inherited)",
					"@executable_path/Frameworks",
					"@loader_path/Frameworks",
				);
				PRODUCT_BUNDLE_IDENTIFIER = com.myprogram.UISwitchUITests;
				PRODUCT_NAME = "$(TARGET_NAME)";
				TARGETED_DEVICE_FAMILY = "1,2";
				TEST_TARGET_NAME = UISwitch;
			};
			name = Release;
		};
/* End XCBuildConfiguration section */

/* Begin XCConfigurationList section */
		8348C7F0266E50100076D991 /* Build configuration list for PBXProject "UISwitch" */ = {
			isa = XCConfigurationList;
			buildConfigurations = (
				8348C822266E50110076D991 /* Debug */,
				8348C823266E50110076D991 /* Release */,
			);
			defaultConfigurationIsVisible = 0;
			defaultConfigurationName = Release;
		};
		8348C824266E50110076D991 /* Build configuration list for PBXNativeTarget "UISwitch" */ = {
			isa = XCConfigurationList;
			buildConfigurations = (
				8348C825266E50110076D991 /* Debug */,
				8348C826266E50110076D991 /* Release */,
			);
			defaultConfigurationIsVisible = 0;
			defaultConfigurationName = Release;
		};
		8348C827266E50110076D991 /* Build configuration list for PBXNativeTarget "UISwitchTests" */ = {
			isa = XCConfigurationList;
			buildConfigurations = (
				8348C828266E50110076D991 /* Debug */,
				8348C829266E50110076D991 /* Release */,
			);
			defaultConfigurationIsVisible = 0;
			defaultConfigurationName = Release;
		};
		8348C82A266E50110076D991 /* Build configuration list for PBXNativeTarget "UISwitchUITests" */ = {
			isa = XCConfigurationList;
			buildConfigurations = (
				8348C82B266E50110076D991 /* Debug */,
				8348C82C266E50110076D991 /* Release */,
			);
			defaultConfigurationIsVisible = 0;
			defaultConfigurationName = Release;
		};
/* End XCConfigurationList section */
	};
	rootObject = 8348C7ED266E50100076D991 /* Project object */;
}
