// !$*UTF8*$!
{
	archiveVersion = 1;
	classes = {
	};
	objectVersion = 50;
	objects = {

/* Begin PBXBuildFile section */
		83504DDA2670EDC0005309F2 /* AppDelegate.m in Sources */ = {isa = PBXBuildFile; fileRef = 83504DD92670EDC0005309F2 /* AppDelegate.m */; };
		83504DDD2670EDC0005309F2 /* SceneDelegate.m in Sources */ = {isa = PBXBuildFile; fileRef = 83504DDC2670EDC0005309F2 /* SceneDelegate.m */; };
		83504DE02670EDC0005309F2 /* ViewController.m in Sources */ = {isa = PBXBuildFile; fileRef = 83504DDF2670EDC0005309F2 /* ViewController.m */; };
		83504DE32670EDC0005309F2 /* Main.storyboard in Resources */ = {isa = PBXBuildFile; fileRef = 83504DE12670EDC0005309F2 /* Main.storyboard */; };
		83504DE52670EDC1005309F2 /* Assets.xcassets in Resources */ = {isa = PBXBuildFile; fileRef = 83504DE42670EDC1005309F2 /* Assets.xcassets */; };
		83504DE82670EDC1005309F2 /* LaunchScreen.storyboard in Resources */ = {isa = PBXBuildFile; fileRef = 83504DE62670EDC1005309F2 /* LaunchScreen.storyboard */; };
		83504DEB2670EDC1005309F2 /* main.m in Sources */ = {isa = PBXBuildFile; fileRef = 83504DEA2670EDC1005309F2 /* main.m */; };
		83504DF52670EDC1005309F2 /* tgsdgdfgTests.m in Sources */ = {isa = PBXBuildFile; fileRef = 83504DF42670EDC1005309F2 /* tgsdgdfgTests.m */; };
		83504E002670EDC1005309F2 /* tgsdgdfgUITests.m in Sources */ = {isa = PBXBuildFile; fileRef = 83504DFF2670EDC1005309F2 /* tgsdgdfgUITests.m */; };
/* End PBXBuildFile section */

/* Begin PBXContainerItemProxy section */
		83504DF12670EDC1005309F2 /* PBXContainerItemProxy */ = {
			isa = PBXContainerItemProxy;
			containerPortal = 83504DCD2670EDC0005309F2 /* Project object */;
			proxyType = 1;
			remoteGlobalIDString = 83504DD42670EDC0005309F2;
			remoteInfo = tgsdgdfg;
		};
		83504DFC2670EDC1005309F2 /* PBXContainerItemProxy */ = {
			isa = PBXContainerItemProxy;
			containerPortal = 83504DCD2670EDC0005309F2 /* Project object */;
			proxyType = 1;
			remoteGlobalIDString = 83504DD42670EDC0005309F2;
			remoteInfo = tgsdgdfg;
		};
/* End PBXContainerItemProxy section */

/* Begin PBXFileReference section */
		83504DD52670EDC0005309F2 /* tgsdgdfg.app */ = {isa = PBXFileReference; explicitFileType = wrapper.application; includeInIndex = 0; path = tgsdgdfg.app; sourceTree = BUILT_PRODUCTS_DIR; };
		83504DD82670EDC0005309F2 /* AppDelegate.h */ = {isa = PBXFileReference; lastKnownFileType = sourcecode.c.h; path = AppDelegate.h; sourceTree = "<group>"; };
		83504DD92670EDC0005309F2 /* AppDelegate.m */ = {isa = PBXFileReference; lastKnownFileType = sourcecode.c.objc; path = AppDelegate.m; sourceTree = "<group>"; };
		83504DDB2670EDC0005309F2 /* SceneDelegate.h */ = {isa = PBXFileReference; lastKnownFileType = sourcecode.c.h; path = SceneDelegate.h; sourceTree = "<group>"; };
		83504DDC2670EDC0005309F2 /* SceneDelegate.m */ = {isa = PBXFileReference; lastKnownFileType = sourcecode.c.objc; path = SceneDelegate.m; sourceTree = "<group>"; };
		83504DDE2670EDC0005309F2 /* ViewController.h */ = {isa = PBXFileReference; lastKnownFileType = sourcecode.c.h; path = ViewController.h; sourceTree = "<group>"; };
		83504DDF2670EDC0005309F2 /* ViewController.m */ = {isa = PBXFileReference; lastKnownFileType = sourcecode.c.objc; path = ViewController.m; sourceTree = "<group>"; };
		83504DE22670EDC0005309F2 /* Base */ = {isa = PBXFileReference; lastKnownFileType = file.storyboard; name = Base; path = Base.lproj/Main.storyboard; sourceTree = "<group>"; };
		83504DE42670EDC1005309F2 /* Assets.xcassets */ = {isa = PBXFileReference; lastKnownFileType = folder.assetcatalog; path = Assets.xcassets; sourceTree = "<group>"; };
		83504DE72670EDC1005309F2 /* Base */ = {isa = PBXFileReference; lastKnownFileType = file.storyboard; name = Base; path = Base.lproj/LaunchScreen.storyboard; sourceTree = "<group>"; };
		83504DE92670EDC1005309F2 /* Info.plist */ = {isa = PBXFileReference; lastKnownFileType = text.plist.xml; path = Info.plist; sourceTree = "<group>"; };
		83504DEA2670EDC1005309F2 /* main.m */ = {isa = PBXFileReference; lastKnownFileType = sourcecode.c.objc; path = main.m; sourceTree = "<group>"; };
		83504DF02670EDC1005309F2 /* tgsdgdfgTests.xctest */ = {isa = PBXFileReference; explicitFileType = wrapper.cfbundle; includeInIndex = 0; path = tgsdgdfgTests.xctest; sourceTree = BUILT_PRODUCTS_DIR; };
		83504DF42670EDC1005309F2 /* tgsdgdfgTests.m */ = {isa = PBXFileReference; lastKnownFileType = sourcecode.c.objc; path = tgsdgdfgTests.m; sourceTree = "<group>"; };
		83504DF62670EDC1005309F2 /* Info.plist */ = {isa = PBXFileReference; lastKnownFileType = text.plist.xml; path = Info.plist; sourceTree = "<group>"; };
		83504DFB2670EDC1005309F2 /* tgsdgdfgUITests.xctest */ = {isa = PBXFileReference; explicitFileType = wrapper.cfbundle; includeInIndex = 0; path = tgsdgdfgUITests.xctest; sourceTree = BUILT_PRODUCTS_DIR; };
		83504DFF2670EDC1005309F2 /* tgsdgdfgUITests.m */ = {isa = PBXFileReference; lastKnownFileType = sourcecode.c.objc; path = tgsdgdfgUITests.m; sourceTree = "<group>"; };
		83504E012670EDC1005309F2 /* Info.plist */ = {isa = PBXFileReference; lastKnownFileType = text.plist.xml; path = Info.plist; sourceTree = "<group>"; };
/* End PBXFileReference section */

/* Begin PBXFrameworksBuildPhase section */
		83504DD22670EDC0005309F2 /* Frameworks */ = {
			isa = PBXFrameworksBuildPhase;
			buildActionMask = 2147483647;
			files = (
			);
			runOnlyForDeploymentPostprocessing = 0;
		};
		83504DED2670EDC1005309F2 /* Frameworks */ = {
			isa = PBXFrameworksBuildPhase;
			buildActionMask = 2147483647;
			files = (
			);
			runOnlyForDeploymentPostprocessing = 0;
		};
		83504DF82670EDC1005309F2 /* Frameworks */ = {
			isa = PBXFrameworksBuildPhase;
			buildActionMask = 2147483647;
			files = (
			);
			runOnlyForDeploymentPostprocessing = 0;
		};
/* End PBXFrameworksBuildPhase section */

/* Begin PBXGroup section */
		83504DCC2670EDC0005309F2 = {
			isa = PBXGroup;
			children = (
				83504DD72670EDC0005309F2 /* tgsdgdfg */,
				83504DF32670EDC1005309F2 /* tgsdgdfgTests */,
				83504DFE2670EDC1005309F2 /* tgsdgdfgUITests */,
				83504DD62670EDC0005309F2 /* Products */,
			);
			sourceTree = "<group>";
		};
		83504DD62670EDC0005309F2 /* Products */ = {
			isa = PBXGroup;
			children = (
				83504DD52670EDC0005309F2 /* tgsdgdfg.app */,
				83504DF02670EDC1005309F2 /* tgsdgdfgTests.xctest */,
				83504DFB2670EDC1005309F2 /* tgsdgdfgUITests.xctest */,
			);
			name = Products;
			sourceTree = "<group>";
		};
		83504DD72670EDC0005309F2 /* tgsdgdfg */ = {
			isa = PBXGroup;
			children = (
				83504DD82670EDC0005309F2 /* AppDelegate.h */,
				83504DD92670EDC0005309F2 /* AppDelegate.m */,
				83504DDB2670EDC0005309F2 /* SceneDelegate.h */,
				83504DDC2670EDC0005309F2 /* SceneDelegate.m */,
				83504DDE2670EDC0005309F2 /* ViewController.h */,
				83504DDF2670EDC0005309F2 /* ViewController.m */,
				83504DE12670EDC0005309F2 /* Main.storyboard */,
				83504DE42670EDC1005309F2 /* Assets.xcassets */,
				83504DE62670EDC1005309F2 /* LaunchScreen.storyboard */,
				83504DE92670EDC1005309F2 /* Info.plist */,
				83504DEA2670EDC1005309F2 /* main.m */,
			);
			path = tgsdgdfg;
			sourceTree = "<group>";
		};
		83504DF32670EDC1005309F2 /* tgsdgdfgTests */ = {
			isa = PBXGroup;
			children = (
				83504DF42670EDC1005309F2 /* tgsdgdfgTests.m */,
				83504DF62670EDC1005309F2 /* Info.plist */,
			);
			path = tgsdgdfgTests;
			sourceTree = "<group>";
		};
		83504DFE2670EDC1005309F2 /* tgsdgdfgUITests */ = {
			isa = PBXGroup;
			children = (
				83504DFF2670EDC1005309F2 /* tgsdgdfgUITests.m */,
				83504E012670EDC1005309F2 /* Info.plist */,
			);
			path = tgsdgdfgUITests;
			sourceTree = "<group>";
		};
/* End PBXGroup section */

/* Begin PBXNativeTarget section */
		83504DD42670EDC0005309F2 /* tgsdgdfg */ = {
			isa = PBXNativeTarget;
			buildConfigurationList = 83504E042670EDC1005309F2 /* Build configuration list for PBXNativeTarget "tgsdgdfg" */;
			buildPhases = (
				83504DD12670EDC0005309F2 /* Sources */,
				83504DD22670EDC0005309F2 /* Frameworks */,
				83504DD32670EDC0005309F2 /* Resources */,
			);
			buildRules = (
			);
			dependencies = (
			);
			name = tgsdgdfg;
			productName = tgsdgdfg;
			productReference = 83504DD52670EDC0005309F2 /* tgsdgdfg.app */;
			productType = "com.apple.product-type.application";
		};
		83504DEF2670EDC1005309F2 /* tgsdgdfgTests */ = {
			isa = PBXNativeTarget;
			buildConfigurationList = 83504E072670EDC1005309F2 /* Build configuration list for PBXNativeTarget "tgsdgdfgTests" */;
			buildPhases = (
				83504DEC2670EDC1005309F2 /* Sources */,
				83504DED2670EDC1005309F2 /* Frameworks */,
				83504DEE2670EDC1005309F2 /* Resources */,
			);
			buildRules = (
			);
			dependencies = (
				83504DF22670EDC1005309F2 /* PBXTargetDependency */,
			);
			name = tgsdgdfgTests;
			productName = tgsdgdfgTests;
			productReference = 83504DF02670EDC1005309F2 /* tgsdgdfgTests.xctest */;
			productType = "com.apple.product-type.bundle.unit-test";
		};
		83504DFA2670EDC1005309F2 /* tgsdgdfgUITests */ = {
			isa = PBXNativeTarget;
			buildConfigurationList = 83504E0A2670EDC1005309F2 /* Build configuration list for PBXNativeTarget "tgsdgdfgUITests" */;
			buildPhases = (
				83504DF72670EDC1005309F2 /* Sources */,
				83504DF82670EDC1005309F2 /* Frameworks */,
				83504DF92670EDC1005309F2 /* Resources */,
			);
			buildRules = (
			);
			dependencies = (
				83504DFD2670EDC1005309F2 /* PBXTargetDependency */,
			);
			name = tgsdgdfgUITests;
			productName = tgsdgdfgUITests;
			productReference = 83504DFB2670EDC1005309F2 /* tgsdgdfgUITests.xctest */;
			productType = "com.apple.product-type.bundle.ui-testing";
		};
/* End PBXNativeTarget section */

/* Begin PBXProject section */
		83504DCD2670EDC0005309F2 /* Project object */ = {
			isa = PBXProject;
			attributes = {
				LastUpgradeCheck = 1250;
				TargetAttributes = {
					83504DD42670EDC0005309F2 = {
						CreatedOnToolsVersion = 12.5;
					};
					83504DEF2670EDC1005309F2 = {
						CreatedOnToolsVersion = 12.5;
						TestTargetID = 83504DD42670EDC0005309F2;
					};
					83504DFA2670EDC1005309F2 = {
						CreatedOnToolsVersion = 12.5;
						TestTargetID = 83504DD42670EDC0005309F2;
					};
				};
			};
			buildConfigurationList = 83504DD02670EDC0005309F2 /* Build configuration list for PBXProject "tgsdgdfg" */;
			compatibilityVersion = "Xcode 9.3";
			developmentRegion = en;
			hasScannedForEncodings = 0;
			knownRegions = (
				en,
				Base,
			);
			mainGroup = 83504DCC2670EDC0005309F2;
			productRefGroup = 83504DD62670EDC0005309F2 /* Products */;
			projectDirPath = "";
			projectRoot = "";
			targets = (
				83504DD42670EDC0005309F2 /* tgsdgdfg */,
				83504DEF2670EDC1005309F2 /* tgsdgdfgTests */,
				83504DFA2670EDC1005309F2 /* tgsdgdfgUITests */,
			);
		};
/* End PBXProject section */

/* Begin PBXResourcesBuildPhase section */
		83504DD32670EDC0005309F2 /* Resources */ = {
			isa = PBXResourcesBuildPhase;
			buildActionMask = 2147483647;
			files = (
				83504DE82670EDC1005309F2 /* LaunchScreen.storyboard in Resources */,
				83504DE52670EDC1005309F2 /* Assets.xcassets in Resources */,
				83504DE32670EDC0005309F2 /* Main.storyboard in Resources */,
			);
			runOnlyForDeploymentPostprocessing = 0;
		};
		83504DEE2670EDC1005309F2 /* Resources */ = {
			isa = PBXResourcesBuildPhase;
			buildActionMask = 2147483647;
			files = (
			);
			runOnlyForDeploymentPostprocessing = 0;
		};
		83504DF92670EDC1005309F2 /* Resources */ = {
			isa = PBXResourcesBuildPhase;
			buildActionMask = 2147483647;
			files = (
			);
			runOnlyForDeploymentPostprocessing = 0;
		};
/* End PBXResourcesBuildPhase section */

/* Begin PBXSourcesBuildPhase section */
		83504DD12670EDC0005309F2 /* Sources */ = {
			isa = PBXSourcesBuildPhase;
			buildActionMask = 2147483647;
			files = (
				83504DE02670EDC0005309F2 /* ViewController.m in Sources */,
				83504DDA2670EDC0005309F2 /* AppDelegate.m in Sources */,
				83504DEB2670EDC1005309F2 /* main.m in Sources */,
				83504DDD2670EDC0005309F2 /* SceneDelegate.m in Sources */,
			);
			runOnlyForDeploymentPostprocessing = 0;
		};
		83504DEC2670EDC1005309F2 /* Sources */ = {
			isa = PBXSourcesBuildPhase;
			buildActionMask = 2147483647;
			files = (
				83504DF52670EDC1005309F2 /* tgsdgdfgTests.m in Sources */,
			);
			runOnlyForDeploymentPostprocessing = 0;
		};
		83504DF72670EDC1005309F2 /* Sources */ = {
			isa = PBXSourcesBuildPhase;
			buildActionMask = 2147483647;
			files = (
				83504E002670EDC1005309F2 /* tgsdgdfgUITests.m in Sources */,
			);
			runOnlyForDeploymentPostprocessing = 0;
		};
/* End PBXSourcesBuildPhase section */

/* Begin PBXTargetDependency section */
		83504DF22670EDC1005309F2 /* PBXTargetDependency */ = {
			isa = PBXTargetDependency;
			target = 83504DD42670EDC0005309F2 /* tgsdgdfg */;
			targetProxy = 83504DF12670EDC1005309F2 /* PBXContainerItemProxy */;
		};
		83504DFD2670EDC1005309F2 /* PBXTargetDependency */ = {
			isa = PBXTargetDependency;
			target = 83504DD42670EDC0005309F2 /* tgsdgdfg */;
			targetProxy = 83504DFC2670EDC1005309F2 /* PBXContainerItemProxy */;
		};
/* End PBXTargetDependency section */

/* Begin PBXVariantGroup section */
		83504DE12670EDC0005309F2 /* Main.storyboard */ = {
			isa = PBXVariantGroup;
			children = (
				83504DE22670EDC0005309F2 /* Base */,
			);
			name = Main.storyboard;
			sourceTree = "<group>";
		};
		83504DE62670EDC1005309F2 /* LaunchScreen.storyboard */ = {
			isa = PBXVariantGroup;
			children = (
				83504DE72670EDC1005309F2 /* Base */,
			);
			name = LaunchScreen.storyboard;
			sourceTree = "<group>";
		};
/* End PBXVariantGroup section */

/* Begin XCBuildConfiguration section */
		83504E022670EDC1005309F2 /* Debug */ = {
			isa = XCBuildConfiguration;
			buildSettings = {
				ALWAYS_SEARCH_USER_PATHS = NO;
				CLANG_ANALYZER_NONNULL = YES;
				CLANG_ANALYZER_NUMBER_OBJECT_CONVERSION = YES_AGGRESSIVE;
				CLANG_CXX_LANGUAGE_STANDARD = "gnu++14";
				CLANG_CXX_LIBRARY = "libc++";
				CLANG_ENABLE_MODULES = YES;
				CLANG_ENABLE_OBJC_ARC = YES;
				CLANG_ENABLE_OBJC_WEAK = YES;
				CLANG_WARN_BLOCK_CAPTURE_AUTORELEASING = YES;
				CLANG_WARN_BOOL_CONVERSION = YES;
				CLANG_WARN_COMMA = YES;
				CLANG_WARN_CONSTANT_CONVERSION = YES;
				CLANG_WARN_DEPRECATED_OBJC_IMPLEMENTATIONS = YES;
				CLANG_WARN_DIRECT_OBJC_ISA_USAGE = YES_ERROR;
				CLANG_WARN_DOCUMENTATION_COMMENTS = YES;
				CLANG_WARN_EMPTY_BODY = YES;
				CLANG_WARN_ENUM_CONVERSION = YES;
				CLANG_WARN_INFINITE_RECURSION = YES;
				CLANG_WARN_INT_CONVERSION = YES;
				CLANG_WARN_NON_LITERAL_NULL_CONVERSION = YES;
				CLANG_WARN_OBJC_IMPLICIT_RETAIN_SELF = YES;
				CLANG_WARN_OBJC_LITERAL_CONVERSION = YES;
				CLANG_WARN_OBJC_ROOT_CLASS = YES_ERROR;
				CLANG_WARN_QUOTED_INCLUDE_IN_FRAMEWORK_HEADER = YES;
				CLANG_WARN_RANGE_LOOP_ANALYSIS = YES;
				CLANG_WARN_STRICT_PROTOTYPES = YES;
				CLANG_WARN_SUSPICIOUS_MOVE = YES;
				CLANG_WARN_UNGUARDED_AVAILABILITY = YES_AGGRESSIVE;
				CLANG_WARN_UNREACHABLE_CODE = YES;
				CLANG_WARN__DUPLICATE_METHOD_MATCH = YES;
				COPY_PHASE_STRIP = NO;
				DEBUG_INFORMATION_FORMAT = dwarf;
				ENABLE_STRICT_OBJC_MSGSEND = YES;
				ENABLE_TESTABILITY = YES;
				GCC_C_LANGUAGE_STANDARD = gnu11;
				GCC_DYNAMIC_NO_PIC = NO;
				GCC_NO_COMMON_BLOCKS = YES;
				GCC_OPTIMIZATION_LEVEL = 0;
				GCC_PREPROCESSOR_DEFINITIONS = (
					"DEBUG=1",
					"$(inherited)",
				);
				GCC_WARN_64_TO_32_BIT_CONVERSION = YES;
				GCC_WARN_ABOUT_RETURN_TYPE = YES_ERROR;
				GCC_WARN_UNDECLARED_SELECTOR = YES;
				GCC_WARN_UNINITIALIZED_AUTOS = YES_AGGRESSIVE;
				GCC_WARN_UNUSED_FUNCTION = YES;
				GCC_WARN_UNUSED_VARIABLE = YES;
				IPHONEOS_DEPLOYMENT_TARGET = 14.5;
				MTL_ENABLE_DEBUG_INFO = INCLUDE_SOURCE;
				MTL_FAST_MATH = YES;
				ONLY_ACTIVE_ARCH = YES;
				SDKROOT = iphoneos;
			};
			name = Debug;
		};
		83504E032670EDC1005309F2 /* Release */ = {
			isa = XCBuildConfiguration;
			buildSettings = {
				ALWAYS_SEARCH_USER_PATHS = NO;
				CLANG_ANALYZER_NONNULL = YES;
				CLANG_ANALYZER_NUMBER_OBJECT_CONVERSION = YES_AGGRESSIVE;
				CLANG_CXX_LANGUAGE_STANDARD = "gnu++14";
				CLANG_CXX_LIBRARY = "libc++";
				CLANG_ENABLE_MODULES = YES;
				CLANG_ENABLE_OBJC_ARC = YES;
				CLANG_ENABLE_OBJC_WEAK = YES;
				CLANG_WARN_BLOCK_CAPTURE_AUTORELEASING = YES;
				CLANG_WARN_BOOL_CONVERSION = YES;
				CLANG_WARN_COMMA = YES;
				CLANG_WARN_CONSTANT_CONVERSION = YES;
				CLANG_WARN_DEPRECATED_OBJC_IMPLEMENTATIONS = YES;
				CLANG_WARN_DIRECT_OBJC_ISA_USAGE = YES_ERROR;
				CLANG_WARN_DOCUMENTATION_COMMENTS = YES;
				CLANG_WARN_EMPTY_BODY = YES;
				CLANG_WARN_ENUM_CONVERSION = YES;
				CLANG_WARN_INFINITE_RECURSION = YES;
				CLANG_WARN_INT_CONVERSION = YES;
				CLANG_WARN_NON_LITERAL_NULL_CONVERSION = YES;
				CLANG_WARN_OBJC_IMPLICIT_RETAIN_SELF = YES;
				CLANG_WARN_OBJC_LITERAL_CONVERSION = YES;
				CLANG_WARN_OBJC_ROOT_CLASS = YES_ERROR;
				CLANG_WARN_QUOTED_INCLUDE_IN_FRAMEWORK_HEADER = YES;
				CLANG_WARN_RANGE_LOOP_ANALYSIS = YES;
				CLANG_WARN_STRICT_PROTOTYPES = YES;
				CLANG_WARN_SUSPICIOUS_MOVE = YES;
				CLANG_WARN_UNGUARDED_AVAILABILITY = YES_AGGRESSIVE;
				CLANG_WARN_UNREACHABLE_CODE = YES;
				CLANG_WARN__DUPLICATE_METHOD_MATCH = YES;
				COPY_PHASE_STRIP = NO;
				DEBUG_INFORMATION_FORMAT = "dwarf-with-dsym";
				ENABLE_NS_ASSERTIONS = NO;
				ENABLE_STRICT_OBJC_MSGSEND = YES;
				GCC_C_LANGUAGE_STANDARD = gnu11;
				GCC_NO_COMMON_BLOCKS = YES;
				GCC_WARN_64_TO_32_BIT_CONVERSION = YES;
				GCC_WARN_ABOUT_RETURN_TYPE = YES_ERROR;
				GCC_WARN_UNDECLARED_SELECTOR = YES;
				GCC_WARN_UNINITIALIZED_AUTOS = YES_AGGRESSIVE;
				GCC_WARN_UNUSED_FUNCTION = YES;
				GCC_WARN_UNUSED_VARIABLE = YES;
				IPHONEOS_DEPLOYMENT_TARGET = 14.5;
				MTL_ENABLE_DEBUG_INFO = NO;
				MTL_FAST_MATH = YES;
				SDKROOT = iphoneos;
				VALIDATE_PRODUCT = YES;
			};
			name = Release;
		};
		83504E052670EDC1005309F2 /* Debug */ = {
			isa = XCBuildConfiguration;
			buildSettings = {
				ASSETCATALOG_COMPILER_APPICON_NAME = AppIcon;
				ASSETCATALOG_COMPILER_GLOBAL_ACCENT_COLOR_NAME = AccentColor;
				CODE_SIGN_STYLE = Automatic;
				DEVELOPMENT_TEAM = ZBXPJ2367M;
				INFOPLIST_FILE = tgsdgdfg/Info.plist;
				LD_RUNPATH_SEARCH_PATHS = (
					"$(inherited)",
					"@executable_path/Frameworks",
				);
				PRODUCT_BUNDLE_IDENTIFIER = com.myprogram.tgsdgdfg;
				PRODUCT_NAME = "$(TARGET_NAME)";
				TARGETED_DEVICE_FAMILY = "1,2";
			};
			name = Debug;
		};
		83504E062670EDC1005309F2 /* Release */ = {
			isa = XCBuildConfiguration;
			buildSettings = {
				ASSETCATALOG_COMPILER_APPICON_NAME = AppIcon;
				ASSETCATALOG_COMPILER_GLOBAL_ACCENT_COLOR_NAME = AccentColor;
				CODE_SIGN_STYLE = Automatic;
				DEVELOPMENT_TEAM = ZBXPJ2367M;
				INFOPLIST_FILE = tgsdgdfg/Info.plist;
				LD_RUNPATH_SEARCH_PATHS = (
					"$(inherited)",
					"@executable_path/Frameworks",
				);
				PRODUCT_BUNDLE_IDENTIFIER = com.myprogram.tgsdgdfg;
				PRODUCT_NAME = "$(TARGET_NAME)";
				TARGETED_DEVICE_FAMILY = "1,2";
			};
			name = Release;
		};
		83504E082670EDC1005309F2 /* Debug */ = {
			isa = XCBuildConfiguration;
			buildSettings = {
				BUNDLE_LOADER = "$(TEST_HOST)";
				CODE_SIGN_STYLE = Automatic;
				DEVELOPMENT_TEAM = ZBXPJ2367M;
				INFOPLIST_FILE = tgsdgdfgTests/Info.plist;
				IPHONEOS_DEPLOYMENT_TARGET = 14.5;
				LD_RUNPATH_SEARCH_PATHS = (
					"$(inherited)",
					"@executable_path/Frameworks",
					"@loader_path/Frameworks",
				);
				PRODUCT_BUNDLE_IDENTIFIER = com.myprogram.tgsdgdfgTests;
				PRODUCT_NAME = "$(TARGET_NAME)";
				TARGETED_DEVICE_FAMILY = "1,2";
				TEST_HOST = "$(BUILT_PRODUCTS_DIR)/tgsdgdfg.app/tgsdgdfg";
			};
			name = Debug;
		};
		83504E092670EDC1005309F2 /* Release */ = {
			isa = XCBuildConfiguration;
			buildSettings = {
				BUNDLE_LOADER = "$(TEST_HOST)";
				CODE_SIGN_STYLE = Automatic;
				DEVELOPMENT_TEAM = ZBXPJ2367M;
				INFOPLIST_FILE = tgsdgdfgTests/Info.plist;
				IPHONEOS_DEPLOYMENT_TARGET = 14.5;
				LD_RUNPATH_SEARCH_PATHS = (
					"$(inherited)",
					"@executable_path/Frameworks",
					"@loader_path/Frameworks",
				);
				PRODUCT_BUNDLE_IDENTIFIER = com.myprogram.tgsdgdfgTests;
				PRODUCT_NAME = "$(TARGET_NAME)";
				TARGETED_DEVICE_FAMILY = "1,2";
				TEST_HOST = "$(BUILT_PRODUCTS_DIR)/tgsdgdfg.app/tgsdgdfg";
			};
			name = Release;
		};
		83504E0B2670EDC1005309F2 /* Debug */ = {
			isa = XCBuildConfiguration;
			buildSettings = {
				CODE_SIGN_STYLE = Automatic;
				DEVELOPMENT_TEAM = ZBXPJ2367M;
				INFOPLIST_FILE = tgsdgdfgUITests/Info.plist;
				LD_RUNPATH_SEARCH_PATHS = (
					"$(inherited)",
					"@executable_path/Frameworks",
					"@loader_path/Frameworks",
				);
				PRODUCT_BUNDLE_IDENTIFIER = com.myprogram.tgsdgdfgUITests;
				PRODUCT_NAME = "$(TARGET_NAME)";
				TARGETED_DEVICE_FAMILY = "1,2";
				TEST_TARGET_NAME = tgsdgdfg;
			};
			name = Debug;
		};
		83504E0C2670EDC1005309F2 /* Release */ = {
			isa = XCBuildConfiguration;
			buildSettings = {
				CODE_SIGN_STYLE = Automatic;
				DEVELOPMENT_TEAM = ZBXPJ2367M;
				INFOPLIST_FILE = tgsdgdfgUITests/Info.plist;
				LD_RUNPATH_SEARCH_PATHS = (
					"$(inherited)",
					"@executable_path/Frameworks",
					"@loader_path/Frameworks",
				);
				PRODUCT_BUNDLE_IDENTIFIER = com.myprogram.tgsdgdfgUITests;
				PRODUCT_NAME = "$(TARGET_NAME)";
				TARGETED_DEVICE_FAMILY = "1,2";
				TEST_TARGET_NAME = tgsdgdfg;
			};
			name = Release;
		};
/* End XCBuildConfiguration section */

/* Begin XCConfigurationList section */
		83504DD02670EDC0005309F2 /* Build configuration list for PBXProject "tgsdgdfg" */ = {
			isa = XCConfigurationList;
			buildConfigurations = (
				83504E022670EDC1005309F2 /* Debug */,
				83504E032670EDC1005309F2 /* Release */,
			);
			defaultConfigurationIsVisible = 0;
			defaultConfigurationName = Release;
		};
		83504E042670EDC1005309F2 /* Build configuration list for PBXNativeTarget "tgsdgdfg" */ = {
			isa = XCConfigurationList;
			buildConfigurations = (
				83504E052670EDC1005309F2 /* Debug */,
				83504E062670EDC1005309F2 /* Release */,
			);
			defaultConfigurationIsVisible = 0;
			defaultConfigurationName = Release;
		};
		83504E072670EDC1005309F2 /* Build configuration list for PBXNativeTarget "tgsdgdfgTests" */ = {
			isa = XCConfigurationList;
			buildConfigurations = (
				83504E082670EDC1005309F2 /* Debug */,
				83504E092670EDC1005309F2 /* Release */,
			);
			defaultConfigurationIsVisible = 0;
			defaultConfigurationName = Release;
		};
		83504E0A2670EDC1005309F2 /* Build configuration list for PBXNativeTarget "tgsdgdfgUITests" */ = {
			isa = XCConfigurationList;
			buildConfigurations = (
				83504E0B2670EDC1005309F2 /* Debug */,
				83504E0C2670EDC1005309F2 /* Release */,
			);
			defaultConfigurationIsVisible = 0;
			defaultConfigurationName = Release;
		};
/* End XCConfigurationList section */
	};
	rootObject = 83504DCD2670EDC0005309F2 /* Project object */;
}
