// !$*UTF8*$!
{
	archiveVersion = 1;
	classes = {
	};
	objectVersion = 50;
	objects = {

/* Begin PBXBuildFile section */
		8348C7B9266E402F0076D991 /* AppDelegate.m in Sources */ = {isa = PBXBuildFile; fileRef = 8348C7B8266E402F0076D991 /* AppDelegate.m */; };
		8348C7BC266E402F0076D991 /* SceneDelegate.m in Sources */ = {isa = PBXBuildFile; fileRef = 8348C7BB266E402F0076D991 /* SceneDelegate.m */; };
		8348C7BF266E402F0076D991 /* ViewController.m in Sources */ = {isa = PBXBuildFile; fileRef = 8348C7BE266E402F0076D991 /* ViewController.m */; };
		8348C7C2266E402F0076D991 /* Main.storyboard in Resources */ = {isa = PBXBuildFile; fileRef = 8348C7C0266E402F0076D991 /* Main.storyboard */; };
		8348C7C4266E40300076D991 /* Assets.xcassets in Resources */ = {isa = PBXBuildFile; fileRef = 8348C7C3266E40300076D991 /* Assets.xcassets */; };
		8348C7C7266E40300076D991 /* LaunchScreen.storyboard in Resources */ = {isa = PBXBuildFile; fileRef = 8348C7C5266E40300076D991 /* LaunchScreen.storyboard */; };
		8348C7CA266E40300076D991 /* main.m in Sources */ = {isa = PBXBuildFile; fileRef = 8348C7C9266E40300076D991 /* main.m */; };
		8348C7D4266E40300076D991 /* ________Tests.m in Sources */ = {isa = PBXBuildFile; fileRef = 8348C7D3266E40300076D991 /* ________Tests.m */; };
		8348C7DF266E40300076D991 /* ________UITests.m in Sources */ = {isa = PBXBuildFile; fileRef = 8348C7DE266E40300076D991 /* ________UITests.m */; };
/* End PBXBuildFile section */

/* Begin PBXContainerItemProxy section */
		8348C7D0266E40300076D991 /* PBXContainerItemProxy */ = {
			isa = PBXContainerItemProxy;
			containerPortal = 8348C7AC266E402F0076D991 /* Project object */;
			proxyType = 1;
			remoteGlobalIDString = 8348C7B3266E402F0076D991;
			remoteInfo = "定时器和视图对象";
		};
		8348C7DB266E40300076D991 /* PBXContainerItemProxy */ = {
			isa = PBXContainerItemProxy;
			containerPortal = 8348C7AC266E402F0076D991 /* Project object */;
			proxyType = 1;
			remoteGlobalIDString = 8348C7B3266E402F0076D991;
			remoteInfo = "定时器和视图对象";
		};
/* End PBXContainerItemProxy section */

/* Begin PBXFileReference section */
		8348C7B4266E402F0076D991 /* 定时器和视图对象.app */ = {isa = PBXFileReference; explicitFileType = wrapper.application; includeInIndex = 0; path = "定时器和视图对象.app"; sourceTree = BUILT_PRODUCTS_DIR; };
		8348C7B7266E402F0076D991 /* AppDelegate.h */ = {isa = PBXFileReference; lastKnownFileType = sourcecode.c.h; path = AppDelegate.h; sourceTree = "<group>"; };
		8348C7B8266E402F0076D991 /* AppDelegate.m */ = {isa = PBXFileReference; lastKnownFileType = sourcecode.c.objc; path = AppDelegate.m; sourceTree = "<group>"; };
		8348C7BA266E402F0076D991 /* SceneDelegate.h */ = {isa = PBXFileReference; lastKnownFileType = sourcecode.c.h; path = SceneDelegate.h; sourceTree = "<group>"; };
		8348C7BB266E402F0076D991 /* SceneDelegate.m */ = {isa = PBXFileReference; lastKnownFileType = sourcecode.c.objc; path = SceneDelegate.m; sourceTree = "<group>"; };
		8348C7BD266E402F0076D991 /* ViewController.h */ = {isa = PBXFileReference; lastKnownFileType = sourcecode.c.h; path = ViewController.h; sourceTree = "<group>"; };
		8348C7BE266E402F0076D991 /* ViewController.m */ = {isa = PBXFileReference; lastKnownFileType = sourcecode.c.objc; path = ViewController.m; sourceTree = "<group>"; };
		8348C7C1266E402F0076D991 /* Base */ = {isa = PBXFileReference; lastKnownFileType = file.storyboard; name = Base; path = Base.lproj/Main.storyboard; sourceTree = "<group>"; };
		8348C7C3266E40300076D991 /* Assets.xcassets */ = {isa = PBXFileReference; lastKnownFileType = folder.assetcatalog; path = Assets.xcassets; sourceTree = "<group>"; };
		8348C7C6266E40300076D991 /* Base */ = {isa = PBXFileReference; lastKnownFileType = file.storyboard; name = Base; path = Base.lproj/LaunchScreen.storyboard; sourceTree = "<group>"; };
		8348C7C8266E40300076D991 /* Info.plist */ = {isa = PBXFileReference; lastKnownFileType = text.plist.xml; path = Info.plist; sourceTree = "<group>"; };
		8348C7C9266E40300076D991 /* main.m */ = {isa = PBXFileReference; lastKnownFileType = sourcecode.c.objc; path = main.m; sourceTree = "<group>"; };
		8348C7CF266E40300076D991 /* 定时器和视图对象Tests.xctest */ = {isa = PBXFileReference; explicitFileType = wrapper.cfbundle; includeInIndex = 0; path = "定时器和视图对象Tests.xctest"; sourceTree = BUILT_PRODUCTS_DIR; };
		8348C7D3266E40300076D991 /* ________Tests.m */ = {isa = PBXFileReference; lastKnownFileType = sourcecode.c.objc; path = "________Tests.m"; sourceTree = "<group>"; };
		8348C7D5266E40300076D991 /* Info.plist */ = {isa = PBXFileReference; lastKnownFileType = text.plist.xml; path = Info.plist; sourceTree = "<group>"; };
		8348C7DA266E40300076D991 /* 定时器和视图对象UITests.xctest */ = {isa = PBXFileReference; explicitFileType = wrapper.cfbundle; includeInIndex = 0; path = "定时器和视图对象UITests.xctest"; sourceTree = BUILT_PRODUCTS_DIR; };
		8348C7DE266E40300076D991 /* ________UITests.m */ = {isa = PBXFileReference; lastKnownFileType = sourcecode.c.objc; path = "________UITests.m"; sourceTree = "<group>"; };
		8348C7E0266E40300076D991 /* Info.plist */ = {isa = PBXFileReference; lastKnownFileType = text.plist.xml; path = Info.plist; sourceTree = "<group>"; };
/* End PBXFileReference section */

/* Begin PBXFrameworksBuildPhase section */
		8348C7B1266E402F0076D991 /* Frameworks */ = {
			isa = PBXFrameworksBuildPhase;
			buildActionMask = 2147483647;
			files = (
			);
			runOnlyForDeploymentPostprocessing = 0;
		};
		8348C7CC266E40300076D991 /* Frameworks */ = {
			isa = PBXFrameworksBuildPhase;
			buildActionMask = 2147483647;
			files = (
			);
			runOnlyForDeploymentPostprocessing = 0;
		};
		8348C7D7266E40300076D991 /* Frameworks */ = {
			isa = PBXFrameworksBuildPhase;
			buildActionMask = 2147483647;
			files = (
			);
			runOnlyForDeploymentPostprocessing = 0;
		};
/* End PBXFrameworksBuildPhase section */

/* Begin PBXGroup section */
		8348C7AB266E402F0076D991 = {
			isa = PBXGroup;
			children = (
				8348C7B6266E402F0076D991 /* 定时器和视图对象 */,
				8348C7D2266E40300076D991 /* 定时器和视图对象Tests */,
				8348C7DD266E40300076D991 /* 定时器和视图对象UITests */,
				8348C7B5266E402F0076D991 /* Products */,
			);
			sourceTree = "<group>";
		};
		8348C7B5266E402F0076D991 /* Products */ = {
			isa = PBXGroup;
			children = (
				8348C7B4266E402F0076D991 /* 定时器和视图对象.app */,
				8348C7CF266E40300076D991 /* 定时器和视图对象Tests.xctest */,
				8348C7DA266E40300076D991 /* 定时器和视图对象UITests.xctest */,
			);
			name = Products;
			sourceTree = "<group>";
		};
		8348C7B6266E402F0076D991 /* 定时器和视图对象 */ = {
			isa = PBXGroup;
			children = (
				8348C7B7266E402F0076D991 /* AppDelegate.h */,
				8348C7B8266E402F0076D991 /* AppDelegate.m */,
				8348C7BA266E402F0076D991 /* SceneDelegate.h */,
				8348C7BB266E402F0076D991 /* SceneDelegate.m */,
				8348C7BD266E402F0076D991 /* ViewController.h */,
				8348C7BE266E402F0076D991 /* ViewController.m */,
				8348C7C0266E402F0076D991 /* Main.storyboard */,
				8348C7C3266E40300076D991 /* Assets.xcassets */,
				8348C7C5266E40300076D991 /* LaunchScreen.storyboard */,
				8348C7C8266E40300076D991 /* Info.plist */,
				8348C7C9266E40300076D991 /* main.m */,
			);
			path = "定时器和视图对象";
			sourceTree = "<group>";
		};
		8348C7D2266E40300076D991 /* 定时器和视图对象Tests */ = {
			isa = PBXGroup;
			children = (
				8348C7D3266E40300076D991 /* ________Tests.m */,
				8348C7D5266E40300076D991 /* Info.plist */,
			);
			path = "定时器和视图对象Tests";
			sourceTree = "<group>";
		};
		8348C7DD266E40300076D991 /* 定时器和视图对象UITests */ = {
			isa = PBXGroup;
			children = (
				8348C7DE266E40300076D991 /* ________UITests.m */,
				8348C7E0266E40300076D991 /* Info.plist */,
			);
			path = "定时器和视图对象UITests";
			sourceTree = "<group>";
		};
/* End PBXGroup section */

/* Begin PBXNativeTarget section */
		8348C7B3266E402F0076D991 /* 定时器和视图对象 */ = {
			isa = PBXNativeTarget;
			buildConfigurationList = 8348C7E3266E40300076D991 /* Build configuration list for PBXNativeTarget "定时器和视图对象" */;
			buildPhases = (
				8348C7B0266E402F0076D991 /* Sources */,
				8348C7B1266E402F0076D991 /* Frameworks */,
				8348C7B2266E402F0076D991 /* Resources */,
			);
			buildRules = (
			);
			dependencies = (
			);
			name = "定时器和视图对象";
			productName = "定时器和视图对象";
			productReference = 8348C7B4266E402F0076D991 /* 定时器和视图对象.app */;
			productType = "com.apple.product-type.application";
		};
		8348C7CE266E40300076D991 /* 定时器和视图对象Tests */ = {
			isa = PBXNativeTarget;
			buildConfigurationList = 8348C7E6266E40300076D991 /* Build configuration list for PBXNativeTarget "定时器和视图对象Tests" */;
			buildPhases = (
				8348C7CB266E40300076D991 /* Sources */,
				8348C7CC266E40300076D991 /* Frameworks */,
				8348C7CD266E40300076D991 /* Resources */,
			);
			buildRules = (
			);
			dependencies = (
				8348C7D1266E40300076D991 /* PBXTargetDependency */,
			);
			name = "定时器和视图对象Tests";
			productName = "定时器和视图对象Tests";
			productReference = 8348C7CF266E40300076D991 /* 定时器和视图对象Tests.xctest */;
			productType = "com.apple.product-type.bundle.unit-test";
		};
		8348C7D9266E40300076D991 /* 定时器和视图对象UITests */ = {
			isa = PBXNativeTarget;
			buildConfigurationList = 8348C7E9266E40300076D991 /* Build configuration list for PBXNativeTarget "定时器和视图对象UITests" */;
			buildPhases = (
				8348C7D6266E40300076D991 /* Sources */,
				8348C7D7266E40300076D991 /* Frameworks */,
				8348C7D8266E40300076D991 /* Resources */,
			);
			buildRules = (
			);
			dependencies = (
				8348C7DC266E40300076D991 /* PBXTargetDependency */,
			);
			name = "定时器和视图对象UITests";
			productName = "定时器和视图对象UITests";
			productReference = 8348C7DA266E40300076D991 /* 定时器和视图对象UITests.xctest */;
			productType = "com.apple.product-type.bundle.ui-testing";
		};
/* End PBXNativeTarget section */

/* Begin PBXProject section */
		8348C7AC266E402F0076D991 /* Project object */ = {
			isa = PBXProject;
			attributes = {
				LastUpgradeCheck = 1250;
				TargetAttributes = {
					8348C7B3266E402F0076D991 = {
						CreatedOnToolsVersion = 12.5;
					};
					8348C7CE266E40300076D991 = {
						CreatedOnToolsVersion = 12.5;
						TestTargetID = 8348C7B3266E402F0076D991;
					};
					8348C7D9266E40300076D991 = {
						CreatedOnToolsVersion = 12.5;
						TestTargetID = 8348C7B3266E402F0076D991;
					};
				};
			};
			buildConfigurationList = 8348C7AF266E402F0076D991 /* Build configuration list for PBXProject "定时器和视图对象" */;
			compatibilityVersion = "Xcode 9.3";
			developmentRegion = en;
			hasScannedForEncodings = 0;
			knownRegions = (
				en,
				Base,
			);
			mainGroup = 8348C7AB266E402F0076D991;
			productRefGroup = 8348C7B5266E402F0076D991 /* Products */;
			projectDirPath = "";
			projectRoot = "";
			targets = (
				8348C7B3266E402F0076D991 /* 定时器和视图对象 */,
				8348C7CE266E40300076D991 /* 定时器和视图对象Tests */,
				8348C7D9266E40300076D991 /* 定时器和视图对象UITests */,
			);
		};
/* End PBXProject section */

/* Begin PBXResourcesBuildPhase section */
		8348C7B2266E402F0076D991 /* Resources */ = {
			isa = PBXResourcesBuildPhase;
			buildActionMask = 2147483647;
			files = (
				8348C7C7266E40300076D991 /* LaunchScreen.storyboard in Resources */,
				8348C7C4266E40300076D991 /* Assets.xcassets in Resources */,
				8348C7C2266E402F0076D991 /* Main.storyboard in Resources */,
			);
			runOnlyForDeploymentPostprocessing = 0;
		};
		8348C7CD266E40300076D991 /* Resources */ = {
			isa = PBXResourcesBuildPhase;
			buildActionMask = 2147483647;
			files = (
			);
			runOnlyForDeploymentPostprocessing = 0;
		};
		8348C7D8266E40300076D991 /* Resources */ = {
			isa = PBXResourcesBuildPhase;
			buildActionMask = 2147483647;
			files = (
			);
			runOnlyForDeploymentPostprocessing = 0;
		};
/* End PBXResourcesBuildPhase section */

/* Begin PBXSourcesBuildPhase section */
		8348C7B0266E402F0076D991 /* Sources */ = {
			isa = PBXSourcesBuildPhase;
			buildActionMask = 2147483647;
			files = (
				8348C7BF266E402F0076D991 /* ViewController.m in Sources */,
				8348C7B9266E402F0076D991 /* AppDelegate.m in Sources */,
				8348C7CA266E40300076D991 /* main.m in Sources */,
				8348C7BC266E402F0076D991 /* SceneDelegate.m in Sources */,
			);
			runOnlyForDeploymentPostprocessing = 0;
		};
		8348C7CB266E40300076D991 /* Sources */ = {
			isa = PBXSourcesBuildPhase;
			buildActionMask = 2147483647;
			files = (
				8348C7D4266E40300076D991 /* ________Tests.m in Sources */,
			);
			runOnlyForDeploymentPostprocessing = 0;
		};
		8348C7D6266E40300076D991 /* Sources */ = {
			isa = PBXSourcesBuildPhase;
			buildActionMask = 2147483647;
			files = (
				8348C7DF266E40300076D991 /* ________UITests.m in Sources */,
			);
			runOnlyForDeploymentPostprocessing = 0;
		};
/* End PBXSourcesBuildPhase section */

/* Begin PBXTargetDependency section */
		8348C7D1266E40300076D991 /* PBXTargetDependency */ = {
			isa = PBXTargetDependency;
			target = 8348C7B3266E402F0076D991 /* 定时器和视图对象 */;
			targetProxy = 8348C7D0266E40300076D991 /* PBXContainerItemProxy */;
		};
		8348C7DC266E40300076D991 /* PBXTargetDependency */ = {
			isa = PBXTargetDependency;
			target = 8348C7B3266E402F0076D991 /* 定时器和视图对象 */;
			targetProxy = 8348C7DB266E40300076D991 /* PBXContainerItemProxy */;
		};
/* End PBXTargetDependency section */

/* Begin PBXVariantGroup section */
		8348C7C0266E402F0076D991 /* Main.storyboard */ = {
			isa = PBXVariantGroup;
			children = (
				8348C7C1266E402F0076D991 /* Base */,
			);
			name = Main.storyboard;
			sourceTree = "<group>";
		};
		8348C7C5266E40300076D991 /* LaunchScreen.storyboard */ = {
			isa = PBXVariantGroup;
			children = (
				8348C7C6266E40300076D991 /* Base */,
			);
			name = LaunchScreen.storyboard;
			sourceTree = "<group>";
		};
/* End PBXVariantGroup section */

/* Begin XCBuildConfiguration section */
		8348C7E1266E40300076D991 /* Debug */ = {
			isa = XCBuildConfiguration;
			buildSettings = {
				ALWAYS_SEARCH_USER_PATHS = NO;
				CLANG_ANALYZER_NONNULL = YES;
				CLANG_ANALYZER_NUMBER_OBJECT_CONVERSION = YES_AGGRESSIVE;
				CLANG_CXX_LANGUAGE_STANDARD = "gnu++14";
				CLANG_CXX_LIBRARY = "libc++";
				CLANG_ENABLE_MODULES = YES;
				CLANG_ENABLE_OBJC_ARC = YES;
				CLANG_ENABLE_OBJC_WEAK = YES;
				CLANG_WARN_BLOCK_CAPTURE_AUTORELEASING = YES;
				CLANG_WARN_BOOL_CONVERSION = YES;
				CLANG_WARN_COMMA = YES;
				CLANG_WARN_CONSTANT_CONVERSION = YES;
				CLANG_WARN_DEPRECATED_OBJC_IMPLEMENTATIONS = YES;
				CLANG_WARN_DIRECT_OBJC_ISA_USAGE = YES_ERROR;
				CLANG_WARN_DOCUMENTATION_COMMENTS = YES;
				CLANG_WARN_EMPTY_BODY = YES;
				CLANG_WARN_ENUM_CONVERSION = YES;
				CLANG_WARN_INFINITE_RECURSION = YES;
				CLANG_WARN_INT_CONVERSION = YES;
				CLANG_WARN_NON_LITERAL_NULL_CONVERSION = YES;
				CLANG_WARN_OBJC_IMPLICIT_RETAIN_SELF = YES;
				CLANG_WARN_OBJC_LITERAL_CONVERSION = YES;
				CLANG_WARN_OBJC_ROOT_CLASS = YES_ERROR;
				CLANG_WARN_QUOTED_INCLUDE_IN_FRAMEWORK_HEADER = YES;
				CLANG_WARN_RANGE_LOOP_ANALYSIS = YES;
				CLANG_WARN_STRICT_PROTOTYPES = YES;
				CLANG_WARN_SUSPICIOUS_MOVE = YES;
				CLANG_WARN_UNGUARDED_AVAILABILITY = YES_AGGRESSIVE;
				CLANG_WARN_UNREACHABLE_CODE = YES;
				CLANG_WARN__DUPLICATE_METHOD_MATCH = YES;
				COPY_PHASE_STRIP = NO;
				DEBUG_INFORMATION_FORMAT = dwarf;
				ENABLE_STRICT_OBJC_MSGSEND = YES;
				ENABLE_TESTABILITY = YES;
				GCC_C_LANGUAGE_STANDARD = gnu11;
				GCC_DYNAMIC_NO_PIC = NO;
				GCC_NO_COMMON_BLOCKS = YES;
				GCC_OPTIMIZATION_LEVEL = 0;
				GCC_PREPROCESSOR_DEFINITIONS = (
					"DEBUG=1",
					"$(inherited)",
				);
				GCC_WARN_64_TO_32_BIT_CONVERSION = YES;
				GCC_WARN_ABOUT_RETURN_TYPE = YES_ERROR;
				GCC_WARN_UNDECLARED_SELECTOR = YES;
				GCC_WARN_UNINITIALIZED_AUTOS = YES_AGGRESSIVE;
				GCC_WARN_UNUSED_FUNCTION = YES;
				GCC_WARN_UNUSED_VARIABLE = YES;
				IPHONEOS_DEPLOYMENT_TARGET = 14.5;
				MTL_ENABLE_DEBUG_INFO = INCLUDE_SOURCE;
				MTL_FAST_MATH = YES;
				ONLY_ACTIVE_ARCH = YES;
				SDKROOT = iphoneos;
			};
			name = Debug;
		};
		8348C7E2266E40300076D991 /* Release */ = {
			isa = XCBuildConfiguration;
			buildSettings = {
				ALWAYS_SEARCH_USER_PATHS = NO;
				CLANG_ANALYZER_NONNULL = YES;
				CLANG_ANALYZER_NUMBER_OBJECT_CONVERSION = YES_AGGRESSIVE;
				CLANG_CXX_LANGUAGE_STANDARD = "gnu++14";
				CLANG_CXX_LIBRARY = "libc++";
				CLANG_ENABLE_MODULES = YES;
				CLANG_ENABLE_OBJC_ARC = YES;
				CLANG_ENABLE_OBJC_WEAK = YES;
				CLANG_WARN_BLOCK_CAPTURE_AUTORELEASING = YES;
				CLANG_WARN_BOOL_CONVERSION = YES;
				CLANG_WARN_COMMA = YES;
				CLANG_WARN_CONSTANT_CONVERSION = YES;
				CLANG_WARN_DEPRECATED_OBJC_IMPLEMENTATIONS = YES;
				CLANG_WARN_DIRECT_OBJC_ISA_USAGE = YES_ERROR;
				CLANG_WARN_DOCUMENTATION_COMMENTS = YES;
				CLANG_WARN_EMPTY_BODY = YES;
				CLANG_WARN_ENUM_CONVERSION = YES;
				CLANG_WARN_INFINITE_RECURSION = YES;
				CLANG_WARN_INT_CONVERSION = YES;
				CLANG_WARN_NON_LITERAL_NULL_CONVERSION = YES;
				CLANG_WARN_OBJC_IMPLICIT_RETAIN_SELF = YES;
				CLANG_WARN_OBJC_LITERAL_CONVERSION = YES;
				CLANG_WARN_OBJC_ROOT_CLASS = YES_ERROR;
				CLANG_WARN_QUOTED_INCLUDE_IN_FRAMEWORK_HEADER = YES;
				CLANG_WARN_RANGE_LOOP_ANALYSIS = YES;
				CLANG_WARN_STRICT_PROTOTYPES = YES;
				CLANG_WARN_SUSPICIOUS_MOVE = YES;
				CLANG_WARN_UNGUARDED_AVAILABILITY = YES_AGGRESSIVE;
				CLANG_WARN_UNREACHABLE_CODE = YES;
				CLANG_WARN__DUPLICATE_METHOD_MATCH = YES;
				COPY_PHASE_STRIP = NO;
				DEBUG_INFORMATION_FORMAT = "dwarf-with-dsym";
				ENABLE_NS_ASSERTIONS = NO;
				ENABLE_STRICT_OBJC_MSGSEND = YES;
				GCC_C_LANGUAGE_STANDARD = gnu11;
				GCC_NO_COMMON_BLOCKS = YES;
				GCC_WARN_64_TO_32_BIT_CONVERSION = YES;
				GCC_WARN_ABOUT_RETURN_TYPE = YES_ERROR;
				GCC_WARN_UNDECLARED_SELECTOR = YES;
				GCC_WARN_UNINITIALIZED_AUTOS = YES_AGGRESSIVE;
				GCC_WARN_UNUSED_FUNCTION = YES;
				GCC_WARN_UNUSED_VARIABLE = YES;
				IPHONEOS_DEPLOYMENT_TARGET = 14.5;
				MTL_ENABLE_DEBUG_INFO = NO;
				MTL_FAST_MATH = YES;
				SDKROOT = iphoneos;
				VALIDATE_PRODUCT = YES;
			};
			name = Release;
		};
		8348C7E4266E40300076D991 /* Debug */ = {
			isa = XCBuildConfiguration;
			buildSettings = {
				ASSETCATALOG_COMPILER_APPICON_NAME = AppIcon;
				ASSETCATALOG_COMPILER_GLOBAL_ACCENT_COLOR_NAME = AccentColor;
				CODE_SIGN_STYLE = Automatic;
				DEVELOPMENT_TEAM = ZBXPJ2367M;
				INFOPLIST_FILE = "定时器和视图对象/Info.plist";
				LD_RUNPATH_SEARCH_PATHS = (
					"$(inherited)",
					"@executable_path/Frameworks",
				);
				PRODUCT_BUNDLE_IDENTIFIER = "com.myprogram.--------";
				PRODUCT_NAME = "$(TARGET_NAME)";
				TARGETED_DEVICE_FAMILY = "1,2";
			};
			name = Debug;
		};
		8348C7E5266E40300076D991 /* Release */ = {
			isa = XCBuildConfiguration;
			buildSettings = {
				ASSETCATALOG_COMPILER_APPICON_NAME = AppIcon;
				ASSETCATALOG_COMPILER_GLOBAL_ACCENT_COLOR_NAME = AccentColor;
				CODE_SIGN_STYLE = Automatic;
				DEVELOPMENT_TEAM = ZBXPJ2367M;
				INFOPLIST_FILE = "定时器和视图对象/Info.plist";
				LD_RUNPATH_SEARCH_PATHS = (
					"$(inherited)",
					"@executable_path/Frameworks",
				);
				PRODUCT_BUNDLE_IDENTIFIER = "com.myprogram.--------";
				PRODUCT_NAME = "$(TARGET_NAME)";
				TARGETED_DEVICE_FAMILY = "1,2";
			};
			name = Release;
		};
		8348C7E7266E40300076D991 /* Debug */ = {
			isa = XCBuildConfiguration;
			buildSettings = {
				BUNDLE_LOADER = "$(TEST_HOST)";
				CODE_SIGN_STYLE = Automatic;
				DEVELOPMENT_TEAM = ZBXPJ2367M;
				INFOPLIST_FILE = "定时器和视图对象Tests/Info.plist";
				IPHONEOS_DEPLOYMENT_TARGET = 14.5;
				LD_RUNPATH_SEARCH_PATHS = (
					"$(inherited)",
					"@executable_path/Frameworks",
					"@loader_path/Frameworks",
				);
				PRODUCT_BUNDLE_IDENTIFIER = "com.myprogram.--------Tests";
				PRODUCT_NAME = "$(TARGET_NAME)";
				TARGETED_DEVICE_FAMILY = "1,2";
				TEST_HOST = "$(BUILT_PRODUCTS_DIR)/定时器和视图对象.app/定时器和视图对象";
			};
			name = Debug;
		};
		8348C7E8266E40300076D991 /* Release */ = {
			isa = XCBuildConfiguration;
			buildSettings = {
				BUNDLE_LOADER = "$(TEST_HOST)";
				CODE_SIGN_STYLE = Automatic;
				DEVELOPMENT_TEAM = ZBXPJ2367M;
				INFOPLIST_FILE = "定时器和视图对象Tests/Info.plist";
				IPHONEOS_DEPLOYMENT_TARGET = 14.5;
				LD_RUNPATH_SEARCH_PATHS = (
					"$(inherited)",
					"@executable_path/Frameworks",
					"@loader_path/Frameworks",
				);
				PRODUCT_BUNDLE_IDENTIFIER = "com.myprogram.--------Tests";
				PRODUCT_NAME = "$(TARGET_NAME)";
				TARGETED_DEVICE_FAMILY = "1,2";
				TEST_HOST = "$(BUILT_PRODUCTS_DIR)/定时器和视图对象.app/定时器和视图对象";
			};
			name = Release;
		};
		8348C7EA266E40300076D991 /* Debug */ = {
			isa = XCBuildConfiguration;
			buildSettings = {
				CODE_SIGN_STYLE = Automatic;
				DEVELOPMENT_TEAM = ZBXPJ2367M;
				INFOPLIST_FILE = "定时器和视图对象UITests/Info.plist";
				LD_RUNPATH_SEARCH_PATHS = (
					"$(inherited)",
					"@executable_path/Frameworks",
					"@loader_path/Frameworks",
				);
				PRODUCT_BUNDLE_IDENTIFIER = "com.myprogram.--------UITests";
				PRODUCT_NAME = "$(TARGET_NAME)";
				TARGETED_DEVICE_FAMILY = "1,2";
				TEST_TARGET_NAME = "定时器和视图对象";
			};
			name = Debug;
		};
		8348C7EB266E40300076D991 /* Release */ = {
			isa = XCBuildConfiguration;
			buildSettings = {
				CODE_SIGN_STYLE = Automatic;
				DEVELOPMENT_TEAM = ZBXPJ2367M;
				INFOPLIST_FILE = "定时器和视图对象UITests/Info.plist";
				LD_RUNPATH_SEARCH_PATHS = (
					"$(inherited)",
					"@executable_path/Frameworks",
					"@loader_path/Frameworks",
				);
				PRODUCT_BUNDLE_IDENTIFIER = "com.myprogram.--------UITests";
				PRODUCT_NAME = "$(TARGET_NAME)";
				TARGETED_DEVICE_FAMILY = "1,2";
				TEST_TARGET_NAME = "定时器和视图对象";
			};
			name = Release;
		};
/* End XCBuildConfiguration section */

/* Begin XCConfigurationList section */
		8348C7AF266E402F0076D991 /* Build configuration list for PBXProject "定时器和视图对象" */ = {
			isa = XCConfigurationList;
			buildConfigurations = (
				8348C7E1266E40300076D991 /* Debug */,
				8348C7E2266E40300076D991 /* Release */,
			);
			defaultConfigurationIsVisible = 0;
			defaultConfigurationName = Release;
		};
		8348C7E3266E40300076D991 /* Build configuration list for PBXNativeTarget "定时器和视图对象" */ = {
			isa = XCConfigurationList;
			buildConfigurations = (
				8348C7E4266E40300076D991 /* Debug */,
				8348C7E5266E40300076D991 /* Release */,
			);
			defaultConfigurationIsVisible = 0;
			defaultConfigurationName = Release;
		};
		8348C7E6266E40300076D991 /* Build configuration list for PBXNativeTarget "定时器和视图对象Tests" */ = {
			isa = XCConfigurationList;
			buildConfigurations = (
				8348C7E7266E40300076D991 /* Debug */,
				8348C7E8266E40300076D991 /* Release */,
			);
			defaultConfigurationIsVisible = 0;
			defaultConfigurationName = Release;
		};
		8348C7E9266E40300076D991 /* Build configuration list for PBXNativeTarget "定时器和视图对象UITests" */ = {
			isa = XCConfigurationList;
			buildConfigurations = (
				8348C7EA266E40300076D991 /* Debug */,
				8348C7EB266E40300076D991 /* Release */,
			);
			defaultConfigurationIsVisible = 0;
			defaultConfigurationName = Release;
		};
/* End XCConfigurationList section */
	};
	rootObject = 8348C7AC266E402F0076D991 /* Project object */;
}
